
Microsoft Visual Studio Solution File, Format Version 12.00
# Visual Studio Version 17
VisualStudioVersion = 17.8.34309.116
MinimumVisualStudioVersion = 10.0.40219.1
Project("{FAE04EC0-301F-11D3-BF4B-00C04F79EFBC}") = "Death of Johnny Slade", "FINAL CONSOLE\Death of Johnny Slade.csproj", "{D06CF204-993D-4BFB-88DB-F0C80E912FAF}"
EndProject
Global
	GlobalSection(SolutionConfigurationPlatforms) = preSolution
		Debug|Any CPU = Debug|Any CPU
		Release|Any CPU = Release|Any CPU
	EndGlobalSection
	GlobalSection(ProjectConfigurationPlatforms) = postSolution
		{D06CF204-993D-4BFB-88DB-F0C80E912FAF}.Debug|Any CPU.ActiveCfg = Debug|Any CPU
		{D06CF204-993D-4BFB-88DB-F0C80E912FAF}.Debug|Any CPU.Build.0 = Debug|Any CPU
		{D06CF204-993D-4BFB-88DB-F0C80E912FAF}.Release|Any CPU.ActiveCfg = Release|Any CPU
		{D06CF204-993D-4BFB-88DB-F0C80E912FAF}.Release|Any CPU.Build.0 = Release|Any CPU
	EndGlobalSection
	GlobalSection(SolutionProperties) = preSolution
		HideSolutionNode = FALSE
	EndGlobalSection
	GlobalSection(ExtensibilityGlobals) = postSolution
		SolutionGuid = {4F2C3086-BA06-437E-87DD-92C0A1F87B77}
	EndGlobalSection
EndGlobal
